
Microsoft Visual Studio Solution File, Format Version 12.00
# Visual Studio Version 17
VisualStudioVersion = 17.10.35728.63
MinimumVisualStudioVersion = 10.0.40219.1
Project("{FAE04EC0-301F-11D3-BF4B-00C04F79EFBC}") = "BookShelf", "BookShelf\BookShelf.csproj", "{B3D3C964-A5B2-4F3D-A548-E9F498E722DC}"
EndProject
Global
	GlobalSection(SolutionConfigurationPlatforms) = preSolution
		Debug|Any CPU = Debug|Any CPU
		Release|Any CPU = Release|Any CPU
	EndGlobalSection
	GlobalSection(ProjectConfigurationPlatforms) = postSolution
		{B3D3C964-A5B2-4F3D-A548-E9F498E722DC}.Debug|Any CPU.ActiveCfg = Debug|Any CPU
		{B3D3C964-A5B2-4F3D-A548-E9F498E722DC}.Debug|Any CPU.Build.0 = Debug|Any CPU
		{B3D3C964-A5B2-4F3D-A548-E9F498E722DC}.Release|Any CPU.ActiveCfg = Release|Any CPU
		{B3D3C964-A5B2-4F3D-A548-E9F498E722DC}.Release|Any CPU.Build.0 = Release|Any CPU
	EndGlobalSection
	GlobalSection(SolutionProperties) = preSolution
		HideSolutionNode = FALSE
	EndGlobalSection
	GlobalSection(ExtensibilityGlobals) = postSolution
		SolutionGuid = {82A0EC09-D94C-4E6B-BCE5-1C6DDB5BBBC1}
	EndGlobalSection
EndGlobal
